
Microsoft Visual Studio Solution File, Format Version 12.00
# Visual Studio 15
VisualStudioVersion = 15.0.28010.2046
MinimumVisualStudioVersion = 10.0.40219.1
Project("{9A19103F-16F7-4668-BE54-9A1E7A4F7556}") = "devOpsDemoProj", "devOpsDemoProj\devOpsDemoProj.csproj", "{3F2DBE46-1FDF-43C5-A985-810203CD37D7}"
EndProject
Project("{2150E333-8FDC-42A3-9474-1A3956D46DE8}") = "Tests", "Tests", "{871DCF89-1D03-46F3-9B38-B19381C188C2}"
EndProject
Project("{FAE04EC0-301F-11D3-BF4B-00C04F79EFBC}") = "devOpsDemoAcceptance", "devOpsDemoAcceptance\devOpsDemoAcceptance.csproj", "{2FEA30D8-1FCE-4733-B08F-678C7EFD753E}"
EndProject
Global
	GlobalSection(SolutionConfigurationPlatforms) = preSolution
		Debug|Any CPU = Debug|Any CPU
		Release|Any CPU = Release|Any CPU
	EndGlobalSection
	GlobalSection(ProjectConfigurationPlatforms) = postSolution
		{3F2DBE46-1FDF-43C5-A985-810203CD37D7}.Debug|Any CPU.ActiveCfg = Debug|Any CPU
		{3F2DBE46-1FDF-43C5-A985-810203CD37D7}.Debug|Any CPU.Build.0 = Debug|Any CPU
		{3F2DBE46-1FDF-43C5-A985-810203CD37D7}.Release|Any CPU.ActiveCfg = Release|Any CPU
		{3F2DBE46-1FDF-43C5-A985-810203CD37D7}.Release|Any CPU.Build.0 = Release|Any CPU
		{2FEA30D8-1FCE-4733-B08F-678C7EFD753E}.Debug|Any CPU.ActiveCfg = Debug|Any CPU
		{2FEA30D8-1FCE-4733-B08F-678C7EFD753E}.Debug|Any CPU.Build.0 = Debug|Any CPU
		{2FEA30D8-1FCE-4733-B08F-678C7EFD753E}.Release|Any CPU.ActiveCfg = Release|Any CPU
		{2FEA30D8-1FCE-4733-B08F-678C7EFD753E}.Release|Any CPU.Build.0 = Release|Any CPU
	EndGlobalSection
	GlobalSection(SolutionProperties) = preSolution
		HideSolutionNode = FALSE
	EndGlobalSection
	GlobalSection(NestedProjects) = preSolution
		{2FEA30D8-1FCE-4733-B08F-678C7EFD753E} = {871DCF89-1D03-46F3-9B38-B19381C188C2}
	EndGlobalSection
	GlobalSection(ExtensibilityGlobals) = postSolution
		SolutionGuid = {4BACE803-0BEC-4D4E-8201-B9B18E20E876}
	EndGlobalSection
EndGlobal
